
Microsoft Visual Studio Solution File, Format Version 12.00
# Visual Studio Version 17
VisualStudioVersion = 17.0.31612.314
MinimumVisualStudioVersion = 10.0.40219.1
Project("{FAE04EC0-301F-11D3-BF4B-00C04F79EFBC}") = "DodgeGame", "DodgeGame.csproj", "{B3700617-CD48-4857-BE36-0EFF770463C3}"
EndProject
Global
	GlobalSection(SolutionConfigurationPlatforms) = preSolution
		Debug|Any CPU = Debug|Any CPU
		Release|Any CPU = Release|Any CPU
	EndGlobalSection
	GlobalSection(ProjectConfigurationPlatforms) = postSolution
		{B3700617-CD48-4857-BE36-0EFF770463C3}.Debug|Any CPU.ActiveCfg = Debug|Any CPU
		{B3700617-CD48-4857-BE36-0EFF770463C3}.Debug|Any CPU.Build.0 = Debug|Any CPU
		{B3700617-CD48-4857-BE36-0EFF770463C3}.Release|Any CPU.ActiveCfg = Release|Any CPU
		{B3700617-CD48-4857-BE36-0EFF770463C3}.Release|Any CPU.Build.0 = Release|Any CPU
	EndGlobalSection
	GlobalSection(SolutionProperties) = preSolution
		HideSolutionNode = FALSE
	EndGlobalSection
	GlobalSection(ExtensibilityGlobals) = postSolution
		SolutionGuid = {DA90A2A6-B7F4-4CE2-8BC3-8659B1B4C111}
	EndGlobalSection
EndGlobal
